
Microsoft Visual Studio Solution File, Format Version 12.00
# Visual Studio Version 17
VisualStudioVersion = 17.4.33213.308
MinimumVisualStudioVersion = 10.0.40219.1
Project("{FAE04EC0-301F-11D3-BF4B-00C04F79EFBC}") = "WebBanMyPham", "WebBanMyPham.csproj", "{71225081-AB7E-4031-A2D1-789959ECD8B6}"
EndProject
Global
	GlobalSection(SolutionConfigurationPlatforms) = preSolution
		Debug|Any CPU = Debug|Any CPU
		Release|Any CPU = Release|Any CPU
	EndGlobalSection
	GlobalSection(ProjectConfigurationPlatforms) = postSolution
		{71225081-AB7E-4031-A2D1-789959ECD8B6}.Debug|Any CPU.ActiveCfg = Debug|Any CPU
		{71225081-AB7E-4031-A2D1-789959ECD8B6}.Debug|Any CPU.Build.0 = Debug|Any CPU
		{71225081-AB7E-4031-A2D1-789959ECD8B6}.Release|Any CPU.ActiveCfg = Release|Any CPU
		{71225081-AB7E-4031-A2D1-789959ECD8B6}.Release|Any CPU.Build.0 = Release|Any CPU
	EndGlobalSection
	GlobalSection(SolutionProperties) = preSolution
		HideSolutionNode = FALSE
	EndGlobalSection
	GlobalSection(ExtensibilityGlobals) = postSolution
		SolutionGuid = {FA5112FF-DA08-4B9A-AAA2-9FED06162B06}
	EndGlobalSection
EndGlobal
